{
  "version": 4,
  "terraform_version": "1.0.3",
  "serial": 3,
  "lineage": "8359b881-e859-6b5f-09b9-9e08c4b96dc5",
  "outputs": {},
  "resources": [
    {
      "mode": "data",
      "type": "azurerm_client_config",
      "name": "current",
      "provider": "provider[\"registry.terraform.io/hashicorp/azurerm\"]",
      "instances": [
        {
          "schema_version": 0,
          "attributes": {
            "client_id": "04b07795-8ddb-461a-bbee-02f9e1bf7b46",
            "id": "2021-08-24 13:26:46.3712652 +0000 UTC",
            "object_id": "79949dbb-e356-4a49-ad9c-766d49caa290",
            "subscription_id": "650ad38d-9d55-4c72-86f2-67c4e7e6f303",
            "tenant_id": "89294386-1b67-4a4e-b2a7-446eddc67046",
            "timeouts": null
          },
          "sensitive_attributes": []
        }
      ]
    },
    {
      "mode": "managed",
      "type": "azurerm_key_vault",
      "name": "key_vault",
      "provider": "provider[\"registry.terraform.io/hashicorp/azurerm\"]",
      "instances": [
        {
          "schema_version": 2,
          "attributes": {
            "access_policy": [],
            "contact": [],
            "enable_rbac_authorization": false,
            "enabled_for_deployment": false,
            "enabled_for_disk_encryption": false,
            "enabled_for_template_deployment": false,
            "id": "/subscriptions/650ad38d-9d55-4c72-86f2-67c4e7e6f303/resourceGroups/Test-RG/providers/Microsoft.KeyVault/vaults/keyvault0000000012",
            "location": "eastus",
            "name": "keyvault0000000012",
            "network_acls": [
              {
                "bypass": "AzureServices",
                "default_action": "Allow",
                "ip_rules": [],
                "virtual_network_subnet_ids": []
              }
            ],
            "purge_protection_enabled": false,
            "resource_group_name": "Test-RG",
            "sku_name": "standard",
            "soft_delete_enabled": true,
            "soft_delete_retention_days": 14,
            "tags": null,
            "tenant_id": "89294386-1b67-4a4e-b2a7-446eddc67046",
            "timeouts": null,
            "vault_uri": "https://keyvault0000000012.vault.azure.net/"
          },
          "sensitive_attributes": [],
          "private": "eyJlMmJmYjczMC1lY2FhLTExZTYtOGY4OC0zNDM2M2JjN2M0YzAiOnsiY3JlYXRlIjoxODAwMDAwMDAwMDAwLCJkZWxldGUiOjE4MDAwMDAwMDAwMDAsInJlYWQiOjMwMDAwMDAwMDAwMCwidXBkYXRlIjoxODAwMDAwMDAwMDAwfSwic2NoZW1hX3ZlcnNpb24iOiIyIn0=",
          "dependencies": [
            "data.azurerm_client_config.current"
          ]
        }
      ]
    }
  ]
}
